
Microsoft Visual Studio Solution File, Format Version 12.00
# Visual Studio Version 17
VisualStudioVersion = 17.8.34330.188
MinimumVisualStudioVersion = 10.0.40219.1
Project("{9A19103F-16F7-4668-BE54-9A1E7A4F7556}") = "HOSPITAL.API", "HOSPITAL.API\HOSPITAL.API.csproj", "{E4423FBF-A0CE-4CB9-BA81-AA305C43E1E2}"
EndProject
Project("{9A19103F-16F7-4668-BE54-9A1E7A4F7556}") = "BLL", "BLL\BLL.csproj", "{3AE737D0-75BF-45C1-9419-3921D2F0CEF2}"
EndProject
Project("{9A19103F-16F7-4668-BE54-9A1E7A4F7556}") = "DAL", "DAL\DAL.csproj", "{66681AD9-1F54-4268-AAC9-77EC96BC378B}"
EndProject
Project("{2150E333-8FDC-42A3-9474-1A3956D46DE8}") = "API", "API", "{2C3BA155-A7BF-4211-9B5C-4F4F1CBC88B3}"
EndProject
Project("{2150E333-8FDC-42A3-9474-1A3956D46DE8}") = "WEB", "WEB", "{E4B19DB7-C5D0-43B8-AEA1-B60680D86B09}"
EndProject
Project("{9A19103F-16F7-4668-BE54-9A1E7A4F7556}") = "HospitalWEB", "HospitalWEB\HospitalWEB.csproj", "{EC0D87CF-4E1B-47C7-A757-511768F6305E}"
EndProject
Project("{2150E333-8FDC-42A3-9474-1A3956D46DE8}") = "WPF", "WPF", "{430CB04E-6C22-4782-8BF1-AA841588A397}"
EndProject
Project("{9A19103F-16F7-4668-BE54-9A1E7A4F7556}") = "HospitalWPF", "HospitalWPF\HospitalWPF.csproj", "{2F5C8BAE-5921-4806-8AC7-2D135E3E0514}"
EndProject
Global
	GlobalSection(SolutionConfigurationPlatforms) = preSolution
		Debug|Any CPU = Debug|Any CPU
		Release|Any CPU = Release|Any CPU
	EndGlobalSection
	GlobalSection(ProjectConfigurationPlatforms) = postSolution
		{E4423FBF-A0CE-4CB9-BA81-AA305C43E1E2}.Debug|Any CPU.ActiveCfg = Debug|Any CPU
		{E4423FBF-A0CE-4CB9-BA81-AA305C43E1E2}.Debug|Any CPU.Build.0 = Debug|Any CPU
		{E4423FBF-A0CE-4CB9-BA81-AA305C43E1E2}.Release|Any CPU.ActiveCfg = Release|Any CPU
		{E4423FBF-A0CE-4CB9-BA81-AA305C43E1E2}.Release|Any CPU.Build.0 = Release|Any CPU
		{3AE737D0-75BF-45C1-9419-3921D2F0CEF2}.Debug|Any CPU.ActiveCfg = Debug|Any CPU
		{3AE737D0-75BF-45C1-9419-3921D2F0CEF2}.Debug|Any CPU.Build.0 = Debug|Any CPU
		{3AE737D0-75BF-45C1-9419-3921D2F0CEF2}.Release|Any CPU.ActiveCfg = Release|Any CPU
		{3AE737D0-75BF-45C1-9419-3921D2F0CEF2}.Release|Any CPU.Build.0 = Release|Any CPU
		{66681AD9-1F54-4268-AAC9-77EC96BC378B}.Debug|Any CPU.ActiveCfg = Debug|Any CPU
		{66681AD9-1F54-4268-AAC9-77EC96BC378B}.Debug|Any CPU.Build.0 = Debug|Any CPU
		{66681AD9-1F54-4268-AAC9-77EC96BC378B}.Release|Any CPU.ActiveCfg = Release|Any CPU
		{66681AD9-1F54-4268-AAC9-77EC96BC378B}.Release|Any CPU.Build.0 = Release|Any CPU
		{EC0D87CF-4E1B-47C7-A757-511768F6305E}.Debug|Any CPU.ActiveCfg = Debug|Any CPU
		{EC0D87CF-4E1B-47C7-A757-511768F6305E}.Debug|Any CPU.Build.0 = Debug|Any CPU
		{EC0D87CF-4E1B-47C7-A757-511768F6305E}.Release|Any CPU.ActiveCfg = Release|Any CPU
		{EC0D87CF-4E1B-47C7-A757-511768F6305E}.Release|Any CPU.Build.0 = Release|Any CPU
		{2F5C8BAE-5921-4806-8AC7-2D135E3E0514}.Debug|Any CPU.ActiveCfg = Debug|Any CPU
		{2F5C8BAE-5921-4806-8AC7-2D135E3E0514}.Debug|Any CPU.Build.0 = Debug|Any CPU
		{2F5C8BAE-5921-4806-8AC7-2D135E3E0514}.Release|Any CPU.ActiveCfg = Release|Any CPU
		{2F5C8BAE-5921-4806-8AC7-2D135E3E0514}.Release|Any CPU.Build.0 = Release|Any CPU
	EndGlobalSection
	GlobalSection(SolutionProperties) = preSolution
		HideSolutionNode = FALSE
	EndGlobalSection
	GlobalSection(NestedProjects) = preSolution
		{E4423FBF-A0CE-4CB9-BA81-AA305C43E1E2} = {2C3BA155-A7BF-4211-9B5C-4F4F1CBC88B3}
		{3AE737D0-75BF-45C1-9419-3921D2F0CEF2} = {2C3BA155-A7BF-4211-9B5C-4F4F1CBC88B3}
		{66681AD9-1F54-4268-AAC9-77EC96BC378B} = {2C3BA155-A7BF-4211-9B5C-4F4F1CBC88B3}
		{EC0D87CF-4E1B-47C7-A757-511768F6305E} = {E4B19DB7-C5D0-43B8-AEA1-B60680D86B09}
		{2F5C8BAE-5921-4806-8AC7-2D135E3E0514} = {430CB04E-6C22-4782-8BF1-AA841588A397}
	EndGlobalSection
	GlobalSection(ExtensibilityGlobals) = postSolution
		SolutionGuid = {B29B6E84-228E-4E22-A7DE-1394F2379E9C}
	EndGlobalSection
EndGlobal
